// !$*UTF8*$!
{
	archiveVersion = 1;
	classes = {
	};
	objectVersion = 55;
	objects = {

/* Begin PBXBuildFile section */
		193107A32858F7A1004AFB09 /* SwiftMosApp.swift in Sources */ = {isa = PBXBuildFile; fileRef = 193107A22858F7A1004AFB09 /* SwiftMosApp.swift */; };
		193107A52858F7A1004AFB09 /* ContentView.swift in Sources */ = {isa = PBXBuildFile; fileRef = 193107A42858F7A1004AFB09 /* ContentView.swift */; };
		193107A72858F7A2004AFB09 /* Assets.xcassets in Resources */ = {isa = PBXBuildFile; fileRef = 193107A62858F7A2004AFB09 /* Assets.xcassets */; };
		193107AA2858F7A2004AFB09 /* Preview Assets.xcassets in Resources */ = {isa = PBXBuildFile; fileRef = 193107A92858F7A2004AFB09 /* Preview Assets.xcassets */; };
		193107B52858F7A2004AFB09 /* SwiftMosTests.swift in Sources */ = {isa = PBXBuildFile; fileRef = 193107B42858F7A2004AFB09 /* SwiftMosTests.swift */; };
		193107BF2858F7A2004AFB09 /* SwiftMosUITests.swift in Sources */ = {isa = PBXBuildFile; fileRef = 193107BE2858F7A2004AFB09 /* SwiftMosUITests.swift */; };
		193107C12858F7A2004AFB09 /* SwiftMosUITestsLaunchTests.swift in Sources */ = {isa = PBXBuildFile; fileRef = 193107C02858F7A2004AFB09 /* SwiftMosUITestsLaunchTests.swift */; };
		193107CE2858F7BB004AFB09 /* AppDelegate.swift in Sources */ = {isa = PBXBuildFile; fileRef = 193107CD2858F7BB004AFB09 /* AppDelegate.swift */; };
		193107DD2858F84D004AFB09 /* Utils.swift in Sources */ = {isa = PBXBuildFile; fileRef = 193107DC2858F84D004AFB09 /* Utils.swift */; };
		193107DF2858F8B3004AFB09 /* Options.swift in Sources */ = {isa = PBXBuildFile; fileRef = 193107DE2858F8B3004AFB09 /* Options.swift */; };
		193107E12858F94E004AFB09 /* ScrollCore.swift in Sources */ = {isa = PBXBuildFile; fileRef = 193107E02858F94E004AFB09 /* ScrollCore.swift */; };
		193107E32858FEE4004AFB09 /* Interceptor.swift in Sources */ = {isa = PBXBuildFile; fileRef = 193107E22858FEE4004AFB09 /* Interceptor.swift */; };
		193107E52858FFBE004AFB09 /* ScrollPoster.swift in Sources */ = {isa = PBXBuildFile; fileRef = 193107E42858FFBE004AFB09 /* ScrollPoster.swift */; };
		193107E928590312004AFB09 /* ScrollFiller.swift in Sources */ = {isa = PBXBuildFile; fileRef = 193107E828590312004AFB09 /* ScrollFiller.swift */; };
		193107EB2859034F004AFB09 /* ScrollPhase.swift in Sources */ = {isa = PBXBuildFile; fileRef = 193107EA2859034F004AFB09 /* ScrollPhase.swift */; };
		193107ED2859036C004AFB09 /* Interpolator.swift in Sources */ = {isa = PBXBuildFile; fileRef = 193107EC2859036C004AFB09 /* Interpolator.swift */; };
		193107EF2859049F004AFB09 /* ScrollEvent.swift in Sources */ = {isa = PBXBuildFile; fileRef = 193107EE2859049F004AFB09 /* ScrollEvent.swift */; };
		193107F128590618004AFB09 /* ScrollUtils.swift in Sources */ = {isa = PBXBuildFile; fileRef = 193107F028590618004AFB09 /* ScrollUtils.swift */; };
		193107F328590724004AFB09 /* ExceptionalApplication.swift in Sources */ = {isa = PBXBuildFile; fileRef = 193107F228590724004AFB09 /* ExceptionalApplication.swift */; };
		193107F5285A1E85004AFB09 /* Preferences.swift in Sources */ = {isa = PBXBuildFile; fileRef = 193107F4285A1E85004AFB09 /* Preferences.swift */; };
		193107F8285A22AF004AFB09 /* SettingsView.swift in Sources */ = {isa = PBXBuildFile; fileRef = 193107F7285A22AF004AFB09 /* SettingsView.swift */; };
		193107FA285A2554004AFB09 /* SettingsGeneralView.swift in Sources */ = {isa = PBXBuildFile; fileRef = 193107F9285A2554004AFB09 /* SettingsGeneralView.swift */; };
/* End PBXBuildFile section */

/* Begin PBXContainerItemProxy section */
		193107B12858F7A2004AFB09 /* PBXContainerItemProxy */ = {
			isa = PBXContainerItemProxy;
			containerPortal = 193107972858F7A1004AFB09 /* Project object */;
			proxyType = 1;
			remoteGlobalIDString = 1931079E2858F7A1004AFB09;
			remoteInfo = SwiftMos;
		};
		193107BB2858F7A2004AFB09 /* PBXContainerItemProxy */ = {
			isa = PBXContainerItemProxy;
			containerPortal = 193107972858F7A1004AFB09 /* Project object */;
			proxyType = 1;
			remoteGlobalIDString = 1931079E2858F7A1004AFB09;
			remoteInfo = SwiftMos;
		};
/* End PBXContainerItemProxy section */

/* Begin PBXFileReference section */
		1931079F2858F7A1004AFB09 /* SwiftMos.app */ = {isa = PBXFileReference; explicitFileType = wrapper.application; includeInIndex = 0; path = SwiftMos.app; sourceTree = BUILT_PRODUCTS_DIR; };
		193107A22858F7A1004AFB09 /* SwiftMosApp.swift */ = {isa = PBXFileReference; lastKnownFileType = sourcecode.swift; path = SwiftMosApp.swift; sourceTree = "<group>"; };
		193107A42858F7A1004AFB09 /* ContentView.swift */ = {isa = PBXFileReference; lastKnownFileType = sourcecode.swift; path = ContentView.swift; sourceTree = "<group>"; };
		193107A62858F7A2004AFB09 /* Assets.xcassets */ = {isa = PBXFileReference; lastKnownFileType = folder.assetcatalog; path = Assets.xcassets; sourceTree = "<group>"; };
		193107A92858F7A2004AFB09 /* Preview Assets.xcassets */ = {isa = PBXFileReference; lastKnownFileType = folder.assetcatalog; path = "Preview Assets.xcassets"; sourceTree = "<group>"; };
		193107AB2858F7A2004AFB09 /* SwiftMos.entitlements */ = {isa = PBXFileReference; lastKnownFileType = text.plist.entitlements; path = SwiftMos.entitlements; sourceTree = "<group>"; };
		193107B02858F7A2004AFB09 /* SwiftMosTests.xctest */ = {isa = PBXFileReference; explicitFileType = wrapper.cfbundle; includeInIndex = 0; path = SwiftMosTests.xctest; sourceTree = BUILT_PRODUCTS_DIR; };
		193107B42858F7A2004AFB09 /* SwiftMosTests.swift */ = {isa = PBXFileReference; lastKnownFileType = sourcecode.swift; path = SwiftMosTests.swift; sourceTree = "<group>"; };
		193107BA2858F7A2004AFB09 /* SwiftMosUITests.xctest */ = {isa = PBXFileReference; explicitFileType = wrapper.cfbundle; includeInIndex = 0; path = SwiftMosUITests.xctest; sourceTree = BUILT_PRODUCTS_DIR; };
		193107BE2858F7A2004AFB09 /* SwiftMosUITests.swift */ = {isa = PBXFileReference; lastKnownFileType = sourcecode.swift; path = SwiftMosUITests.swift; sourceTree = "<group>"; };
		193107C02858F7A2004AFB09 /* SwiftMosUITestsLaunchTests.swift */ = {isa = PBXFileReference; lastKnownFileType = sourcecode.swift; path = SwiftMosUITestsLaunchTests.swift; sourceTree = "<group>"; };
		193107CD2858F7BB004AFB09 /* AppDelegate.swift */ = {isa = PBXFileReference; lastKnownFileType = sourcecode.swift; path = AppDelegate.swift; sourceTree = "<group>"; };
		193107DC2858F84D004AFB09 /* Utils.swift */ = {isa = PBXFileReference; lastKnownFileType = sourcecode.swift; path = Utils.swift; sourceTree = "<group>"; };
		193107DE2858F8B3004AFB09 /* Options.swift */ = {isa = PBXFileReference; lastKnownFileType = sourcecode.swift; path = Options.swift; sourceTree = "<group>"; };
		193107E02858F94E004AFB09 /* ScrollCore.swift */ = {isa = PBXFileReference; lastKnownFileType = sourcecode.swift; path = ScrollCore.swift; sourceTree = "<group>"; };
		193107E22858FEE4004AFB09 /* Interceptor.swift */ = {isa = PBXFileReference; lastKnownFileType = sourcecode.swift; path = Interceptor.swift; sourceTree = "<group>"; };
		193107E42858FFBE004AFB09 /* ScrollPoster.swift */ = {isa = PBXFileReference; lastKnownFileType = sourcecode.swift; path = ScrollPoster.swift; sourceTree = "<group>"; };
		193107E828590312004AFB09 /* ScrollFiller.swift */ = {isa = PBXFileReference; lastKnownFileType = sourcecode.swift; path = ScrollFiller.swift; sourceTree = "<group>"; };
		193107EA2859034F004AFB09 /* ScrollPhase.swift */ = {isa = PBXFileReference; lastKnownFileType = sourcecode.swift; path = ScrollPhase.swift; sourceTree = "<group>"; };
		193107EC2859036C004AFB09 /* Interpolator.swift */ = {isa = PBXFileReference; lastKnownFileType = sourcecode.swift; path = Interpolator.swift; sourceTree = "<group>"; };
		193107EE2859049F004AFB09 /* ScrollEvent.swift */ = {isa = PBXFileReference; lastKnownFileType = sourcecode.swift; path = ScrollEvent.swift; sourceTree = "<group>"; };
		193107F028590618004AFB09 /* ScrollUtils.swift */ = {isa = PBXFileReference; lastKnownFileType = sourcecode.swift; path = ScrollUtils.swift; sourceTree = "<group>"; };
		193107F228590724004AFB09 /* ExceptionalApplication.swift */ = {isa = PBXFileReference; lastKnownFileType = sourcecode.swift; path = ExceptionalApplication.swift; sourceTree = "<group>"; };
		193107F4285A1E85004AFB09 /* Preferences.swift */ = {isa = PBXFileReference; lastKnownFileType = sourcecode.swift; path = Preferences.swift; sourceTree = "<group>"; };
		193107F7285A22AF004AFB09 /* SettingsView.swift */ = {isa = PBXFileReference; lastKnownFileType = sourcecode.swift; path = SettingsView.swift; sourceTree = "<group>"; };
		193107F9285A2554004AFB09 /* SettingsGeneralView.swift */ = {isa = PBXFileReference; lastKnownFileType = sourcecode.swift; path = SettingsGeneralView.swift; sourceTree = "<group>"; };
/* End PBXFileReference section */

/* Begin PBXFrameworksBuildPhase section */
		1931079C2858F7A1004AFB09 /* Frameworks */ = {
			isa = PBXFrameworksBuildPhase;
			buildActionMask = 2147483647;
			files = (
			);
			runOnlyForDeploymentPostprocessing = 0;
		};
		193107AD2858F7A2004AFB09 /* Frameworks */ = {
			isa = PBXFrameworksBuildPhase;
			buildActionMask = 2147483647;
			files = (
			);
			runOnlyForDeploymentPostprocessing = 0;
		};
		193107B72858F7A2004AFB09 /* Frameworks */ = {
			isa = PBXFrameworksBuildPhase;
			buildActionMask = 2147483647;
			files = (
			);
			runOnlyForDeploymentPostprocessing = 0;
		};
/* End PBXFrameworksBuildPhase section */

/* Begin PBXGroup section */
		193107962858F7A1004AFB09 = {
			isa = PBXGroup;
			children = (
				193107A12858F7A1004AFB09 /* SwiftMos */,
				193107B32858F7A2004AFB09 /* SwiftMosTests */,
				193107BD2858F7A2004AFB09 /* SwiftMosUITests */,
				193107A02858F7A1004AFB09 /* Products */,
			);
			sourceTree = "<group>";
		};
		193107A02858F7A1004AFB09 /* Products */ = {
			isa = PBXGroup;
			children = (
				1931079F2858F7A1004AFB09 /* SwiftMos.app */,
				193107B02858F7A2004AFB09 /* SwiftMosTests.xctest */,
				193107BA2858F7A2004AFB09 /* SwiftMosUITests.xctest */,
			);
			name = Products;
			sourceTree = "<group>";
		};
		193107A12858F7A1004AFB09 /* SwiftMos */ = {
			isa = PBXGroup;
			children = (
				193107FB285A2849004AFB09 /* Models */,
				193107F6285A229E004AFB09 /* Views */,
				193107CF2858F829004AFB09 /* Core */,
				193107A22858F7A1004AFB09 /* SwiftMosApp.swift */,
				193107A62858F7A2004AFB09 /* Assets.xcassets */,
				193107AB2858F7A2004AFB09 /* SwiftMos.entitlements */,
				193107A82858F7A2004AFB09 /* Preview Content */,
				193107CD2858F7BB004AFB09 /* AppDelegate.swift */,
			);
			path = SwiftMos;
			sourceTree = "<group>";
		};
		193107A82858F7A2004AFB09 /* Preview Content */ = {
			isa = PBXGroup;
			children = (
				193107A92858F7A2004AFB09 /* Preview Assets.xcassets */,
			);
			path = "Preview Content";
			sourceTree = "<group>";
		};
		193107B32858F7A2004AFB09 /* SwiftMosTests */ = {
			isa = PBXGroup;
			children = (
				193107B42858F7A2004AFB09 /* SwiftMosTests.swift */,
			);
			path = SwiftMosTests;
			sourceTree = "<group>";
		};
		193107BD2858F7A2004AFB09 /* SwiftMosUITests */ = {
			isa = PBXGroup;
			children = (
				193107BE2858F7A2004AFB09 /* SwiftMosUITests.swift */,
				193107C02858F7A2004AFB09 /* SwiftMosUITestsLaunchTests.swift */,
			);
			path = SwiftMosUITests;
			sourceTree = "<group>";
		};
		193107CF2858F829004AFB09 /* Core */ = {
			isa = PBXGroup;
			children = (
				193107DC2858F84D004AFB09 /* Utils.swift */,
				193107DE2858F8B3004AFB09 /* Options.swift */,
				193107E02858F94E004AFB09 /* ScrollCore.swift */,
				193107E22858FEE4004AFB09 /* Interceptor.swift */,
				193107E42858FFBE004AFB09 /* ScrollPoster.swift */,
				193107E828590312004AFB09 /* ScrollFiller.swift */,
				193107EA2859034F004AFB09 /* ScrollPhase.swift */,
				193107EC2859036C004AFB09 /* Interpolator.swift */,
				193107EE2859049F004AFB09 /* ScrollEvent.swift */,
				193107F028590618004AFB09 /* ScrollUtils.swift */,
				193107F228590724004AFB09 /* ExceptionalApplication.swift */,
			);
			name = Core;
			sourceTree = "<group>";
		};
		193107F6285A229E004AFB09 /* Views */ = {
			isa = PBXGroup;
			children = (
				193107F7285A22AF004AFB09 /* SettingsView.swift */,
				193107A42858F7A1004AFB09 /* ContentView.swift */,
				193107F9285A2554004AFB09 /* SettingsGeneralView.swift */,
			);
			path = Views;
			sourceTree = "<group>";
		};
		193107FB285A2849004AFB09 /* Models */ = {
			isa = PBXGroup;
			children = (
				193107F4285A1E85004AFB09 /* Preferences.swift */,
			);
			path = Models;
			sourceTree = "<group>";
		};
/* End PBXGroup section */

/* Begin PBXNativeTarget section */
		1931079E2858F7A1004AFB09 /* SwiftMos */ = {
			isa = PBXNativeTarget;
			buildConfigurationList = 193107C42858F7A2004AFB09 /* Build configuration list for PBXNativeTarget "SwiftMos" */;
			buildPhases = (
				1931079B2858F7A1004AFB09 /* Sources */,
				1931079C2858F7A1004AFB09 /* Frameworks */,
				1931079D2858F7A1004AFB09 /* Resources */,
			);
			buildRules = (
			);
			dependencies = (
			);
			name = SwiftMos;
			productName = SwiftMos;
			productReference = 1931079F2858F7A1004AFB09 /* SwiftMos.app */;
			productType = "com.apple.product-type.application";
		};
		193107AF2858F7A2004AFB09 /* SwiftMosTests */ = {
			isa = PBXNativeTarget;
			buildConfigurationList = 193107C72858F7A2004AFB09 /* Build configuration list for PBXNativeTarget "SwiftMosTests" */;
			buildPhases = (
				193107AC2858F7A2004AFB09 /* Sources */,
				193107AD2858F7A2004AFB09 /* Frameworks */,
				193107AE2858F7A2004AFB09 /* Resources */,
			);
			buildRules = (
			);
			dependencies = (
				193107B22858F7A2004AFB09 /* PBXTargetDependency */,
			);
			name = SwiftMosTests;
			productName = SwiftMosTests;
			productReference = 193107B02858F7A2004AFB09 /* SwiftMosTests.xctest */;
			productType = "com.apple.product-type.bundle.unit-test";
		};
		193107B92858F7A2004AFB09 /* SwiftMosUITests */ = {
			isa = PBXNativeTarget;
			buildConfigurationList = 193107CA2858F7A2004AFB09 /* Build configuration list for PBXNativeTarget "SwiftMosUITests" */;
			buildPhases = (
				193107B62858F7A2004AFB09 /* Sources */,
				193107B72858F7A2004AFB09 /* Frameworks */,
				193107B82858F7A2004AFB09 /* Resources */,
			);
			buildRules = (
			);
			dependencies = (
				193107BC2858F7A2004AFB09 /* PBXTargetDependency */,
			);
			name = SwiftMosUITests;
			productName = SwiftMosUITests;
			productReference = 193107BA2858F7A2004AFB09 /* SwiftMosUITests.xctest */;
			productType = "com.apple.product-type.bundle.ui-testing";
		};
/* End PBXNativeTarget section */

/* Begin PBXProject section */
		193107972858F7A1004AFB09 /* Project object */ = {
			isa = PBXProject;
			attributes = {
				BuildIndependentTargetsInParallel = 1;
				LastSwiftUpdateCheck = 1340;
				LastUpgradeCheck = 1340;
				TargetAttributes = {
					1931079E2858F7A1004AFB09 = {
						CreatedOnToolsVersion = 13.4.1;
					};
					193107AF2858F7A2004AFB09 = {
						CreatedOnToolsVersion = 13.4.1;
						TestTargetID = 1931079E2858F7A1004AFB09;
					};
					193107B92858F7A2004AFB09 = {
						CreatedOnToolsVersion = 13.4.1;
						TestTargetID = 1931079E2858F7A1004AFB09;
					};
				};
			};
			buildConfigurationList = 1931079A2858F7A1004AFB09 /* Build configuration list for PBXProject "SwiftMos" */;
			compatibilityVersion = "Xcode 13.0";
			developmentRegion = en;
			hasScannedForEncodings = 0;
			knownRegions = (
				en,
				Base,
			);
			mainGroup = 193107962858F7A1004AFB09;
			productRefGroup = 193107A02858F7A1004AFB09 /* Products */;
			projectDirPath = "";
			projectRoot = "";
			targets = (
				1931079E2858F7A1004AFB09 /* SwiftMos */,
				193107AF2858F7A2004AFB09 /* SwiftMosTests */,
				193107B92858F7A2004AFB09 /* SwiftMosUITests */,
			);
		};
/* End PBXProject section */

/* Begin PBXResourcesBuildPhase section */
		1931079D2858F7A1004AFB09 /* Resources */ = {
			isa = PBXResourcesBuildPhase;
			buildActionMask = 2147483647;
			files = (
				193107AA2858F7A2004AFB09 /* Preview Assets.xcassets in Resources */,
				193107A72858F7A2004AFB09 /* Assets.xcassets in Resources */,
			);
			runOnlyForDeploymentPostprocessing = 0;
		};
		193107AE2858F7A2004AFB09 /* Resources */ = {
			isa = PBXResourcesBuildPhase;
			buildActionMask = 2147483647;
			files = (
			);
			runOnlyForDeploymentPostprocessing = 0;
		};
		193107B82858F7A2004AFB09 /* Resources */ = {
			isa = PBXResourcesBuildPhase;
			buildActionMask = 2147483647;
			files = (
			);
			runOnlyForDeploymentPostprocessing = 0;
		};
/* End PBXResourcesBuildPhase section */

/* Begin PBXSourcesBuildPhase section */
		1931079B2858F7A1004AFB09 /* Sources */ = {
			isa = PBXSourcesBuildPhase;
			buildActionMask = 2147483647;
			files = (
				193107DF2858F8B3004AFB09 /* Options.swift in Sources */,
				193107F328590724004AFB09 /* ExceptionalApplication.swift in Sources */,
				193107F5285A1E85004AFB09 /* Preferences.swift in Sources */,
				193107EF2859049F004AFB09 /* ScrollEvent.swift in Sources */,
				193107E52858FFBE004AFB09 /* ScrollPoster.swift in Sources */,
				193107CE2858F7BB004AFB09 /* AppDelegate.swift in Sources */,
				193107E928590312004AFB09 /* ScrollFiller.swift in Sources */,
				193107F128590618004AFB09 /* ScrollUtils.swift in Sources */,
				193107DD2858F84D004AFB09 /* Utils.swift in Sources */,
				193107F8285A22AF004AFB09 /* SettingsView.swift in Sources */,
				193107FA285A2554004AFB09 /* SettingsGeneralView.swift in Sources */,
				193107E32858FEE4004AFB09 /* Interceptor.swift in Sources */,
				193107ED2859036C004AFB09 /* Interpolator.swift in Sources */,
				193107A52858F7A1004AFB09 /* ContentView.swift in Sources */,
				193107A32858F7A1004AFB09 /* SwiftMosApp.swift in Sources */,
				193107EB2859034F004AFB09 /* ScrollPhase.swift in Sources */,
				193107E12858F94E004AFB09 /* ScrollCore.swift in Sources */,
			);
			runOnlyForDeploymentPostprocessing = 0;
		};
		193107AC2858F7A2004AFB09 /* Sources */ = {
			isa = PBXSourcesBuildPhase;
			buildActionMask = 2147483647;
			files = (
				193107B52858F7A2004AFB09 /* SwiftMosTests.swift in Sources */,
			);
			runOnlyForDeploymentPostprocessing = 0;
		};
		193107B62858F7A2004AFB09 /* Sources */ = {
			isa = PBXSourcesBuildPhase;
			buildActionMask = 2147483647;
			files = (
				193107C12858F7A2004AFB09 /* SwiftMosUITestsLaunchTests.swift in Sources */,
				193107BF2858F7A2004AFB09 /* SwiftMosUITests.swift in Sources */,
			);
			runOnlyForDeploymentPostprocessing = 0;
		};
/* End PBXSourcesBuildPhase section */

/* Begin PBXTargetDependency section */
		193107B22858F7A2004AFB09 /* PBXTargetDependency */ = {
			isa = PBXTargetDependency;
			target = 1931079E2858F7A1004AFB09 /* SwiftMos */;
			targetProxy = 193107B12858F7A2004AFB09 /* PBXContainerItemProxy */;
		};
		193107BC2858F7A2004AFB09 /* PBXTargetDependency */ = {
			isa = PBXTargetDependency;
			target = 1931079E2858F7A1004AFB09 /* SwiftMos */;
			targetProxy = 193107BB2858F7A2004AFB09 /* PBXContainerItemProxy */;
		};
/* End PBXTargetDependency section */

/* Begin XCBuildConfiguration section */
		193107C22858F7A2004AFB09 /* Debug */ = {
			isa = XCBuildConfiguration;
			buildSettings = {
				ALWAYS_SEARCH_USER_PATHS = NO;
				CLANG_ANALYZER_NONNULL = YES;
				CLANG_ANALYZER_NUMBER_OBJECT_CONVERSION = YES_AGGRESSIVE;
				CLANG_CXX_LANGUAGE_STANDARD = "gnu++17";
				CLANG_ENABLE_MODULES = YES;
				CLANG_ENABLE_OBJC_ARC = YES;
				CLANG_ENABLE_OBJC_WEAK = YES;
				CLANG_WARN_BLOCK_CAPTURE_AUTORELEASING = YES;
				CLANG_WARN_BOOL_CONVERSION = YES;
				CLANG_WARN_COMMA = YES;
				CLANG_WARN_CONSTANT_CONVERSION = YES;
				CLANG_WARN_DEPRECATED_OBJC_IMPLEMENTATIONS = YES;
				CLANG_WARN_DIRECT_OBJC_ISA_USAGE = YES_ERROR;
				CLANG_WARN_DOCUMENTATION_COMMENTS = YES;
				CLANG_WARN_EMPTY_BODY = YES;
				CLANG_WARN_ENUM_CONVERSION = YES;
				CLANG_WARN_INFINITE_RECURSION = YES;
				CLANG_WARN_INT_CONVERSION = YES;
				CLANG_WARN_NON_LITERAL_NULL_CONVERSION = YES;
				CLANG_WARN_OBJC_IMPLICIT_RETAIN_SELF = YES;
				CLANG_WARN_OBJC_LITERAL_CONVERSION = YES;
				CLANG_WARN_OBJC_ROOT_CLASS = YES_ERROR;
				CLANG_WARN_QUOTED_INCLUDE_IN_FRAMEWORK_HEADER = YES;
				CLANG_WARN_RANGE_LOOP_ANALYSIS = YES;
				CLANG_WARN_STRICT_PROTOTYPES = YES;
				CLANG_WARN_SUSPICIOUS_MOVE = YES;
				CLANG_WARN_UNGUARDED_AVAILABILITY = YES_AGGRESSIVE;
				CLANG_WARN_UNREACHABLE_CODE = YES;
				CLANG_WARN__DUPLICATE_METHOD_MATCH = YES;
				COPY_PHASE_STRIP = NO;
				DEBUG_INFORMATION_FORMAT = dwarf;
				ENABLE_STRICT_OBJC_MSGSEND = YES;
				ENABLE_TESTABILITY = YES;
				GCC_C_LANGUAGE_STANDARD = gnu11;
				GCC_DYNAMIC_NO_PIC = NO;
				GCC_NO_COMMON_BLOCKS = YES;
				GCC_OPTIMIZATION_LEVEL = 0;
				GCC_PREPROCESSOR_DEFINITIONS = (
					"DEBUG=1",
					"$(inherited)",
				);
				GCC_WARN_64_TO_32_BIT_CONVERSION = YES;
				GCC_WARN_ABOUT_RETURN_TYPE = YES_ERROR;
				GCC_WARN_UNDECLARED_SELECTOR = YES;
				GCC_WARN_UNINITIALIZED_AUTOS = YES_AGGRESSIVE;
				GCC_WARN_UNUSED_FUNCTION = YES;
				GCC_WARN_UNUSED_VARIABLE = YES;
				MACOSX_DEPLOYMENT_TARGET = 12.3;
				MTL_ENABLE_DEBUG_INFO = INCLUDE_SOURCE;
				MTL_FAST_MATH = YES;
				ONLY_ACTIVE_ARCH = YES;
				SDKROOT = macosx;
				SWIFT_ACTIVE_COMPILATION_CONDITIONS = DEBUG;
				SWIFT_OPTIMIZATION_LEVEL = "-Onone";
			};
			name = Debug;
		};
		193107C32858F7A2004AFB09 /* Release */ = {
			isa = XCBuildConfiguration;
			buildSettings = {
				ALWAYS_SEARCH_USER_PATHS = NO;
				CLANG_ANALYZER_NONNULL = YES;
				CLANG_ANALYZER_NUMBER_OBJECT_CONVERSION = YES_AGGRESSIVE;
				CLANG_CXX_LANGUAGE_STANDARD = "gnu++17";
				CLANG_ENABLE_MODULES = YES;
				CLANG_ENABLE_OBJC_ARC = YES;
				CLANG_ENABLE_OBJC_WEAK = YES;
				CLANG_WARN_BLOCK_CAPTURE_AUTORELEASING = YES;
				CLANG_WARN_BOOL_CONVERSION = YES;
				CLANG_WARN_COMMA = YES;
				CLANG_WARN_CONSTANT_CONVERSION = YES;
				CLANG_WARN_DEPRECATED_OBJC_IMPLEMENTATIONS = YES;
				CLANG_WARN_DIRECT_OBJC_ISA_USAGE = YES_ERROR;
				CLANG_WARN_DOCUMENTATION_COMMENTS = YES;
				CLANG_WARN_EMPTY_BODY = YES;
				CLANG_WARN_ENUM_CONVERSION = YES;
				CLANG_WARN_INFINITE_RECURSION = YES;
				CLANG_WARN_INT_CONVERSION = YES;
				CLANG_WARN_NON_LITERAL_NULL_CONVERSION = YES;
				CLANG_WARN_OBJC_IMPLICIT_RETAIN_SELF = YES;
				CLANG_WARN_OBJC_LITERAL_CONVERSION = YES;
				CLANG_WARN_OBJC_ROOT_CLASS = YES_ERROR;
				CLANG_WARN_QUOTED_INCLUDE_IN_FRAMEWORK_HEADER = YES;
				CLANG_WARN_RANGE_LOOP_ANALYSIS = YES;
				CLANG_WARN_STRICT_PROTOTYPES = YES;
				CLANG_WARN_SUSPICIOUS_MOVE = YES;
				CLANG_WARN_UNGUARDED_AVAILABILITY = YES_AGGRESSIVE;
				CLANG_WARN_UNREACHABLE_CODE = YES;
				CLANG_WARN__DUPLICATE_METHOD_MATCH = YES;
				COPY_PHASE_STRIP = NO;
				DEBUG_INFORMATION_FORMAT = "dwarf-with-dsym";
				ENABLE_NS_ASSERTIONS = NO;
				ENABLE_STRICT_OBJC_MSGSEND = YES;
				GCC_C_LANGUAGE_STANDARD = gnu11;
				GCC_NO_COMMON_BLOCKS = YES;
				GCC_WARN_64_TO_32_BIT_CONVERSION = YES;
				GCC_WARN_ABOUT_RETURN_TYPE = YES_ERROR;
				GCC_WARN_UNDECLARED_SELECTOR = YES;
				GCC_WARN_UNINITIALIZED_AUTOS = YES_AGGRESSIVE;
				GCC_WARN_UNUSED_FUNCTION = YES;
				GCC_WARN_UNUSED_VARIABLE = YES;
				MACOSX_DEPLOYMENT_TARGET = 12.3;
				MTL_ENABLE_DEBUG_INFO = NO;
				MTL_FAST_MATH = YES;
				SDKROOT = macosx;
				SWIFT_COMPILATION_MODE = wholemodule;
				SWIFT_OPTIMIZATION_LEVEL = "-O";
			};
			name = Release;
		};
		193107C52858F7A2004AFB09 /* Debug */ = {
			isa = XCBuildConfiguration;
			buildSettings = {
				ASSETCATALOG_COMPILER_APPICON_NAME = AppIcon;
				ASSETCATALOG_COMPILER_GLOBAL_ACCENT_COLOR_NAME = AccentColor;
				CODE_SIGN_ENTITLEMENTS = SwiftMos/SwiftMos.entitlements;
				CODE_SIGN_STYLE = Automatic;
				COMBINE_HIDPI_IMAGES = YES;
				CURRENT_PROJECT_VERSION = 1;
				DEVELOPMENT_ASSET_PATHS = "\"SwiftMos/Preview Content\"";
				ENABLE_PREVIEWS = YES;
				GENERATE_INFOPLIST_FILE = YES;
				INFOPLIST_KEY_NSHumanReadableCopyright = "";
				LD_RUNPATH_SEARCH_PATHS = (
					"$(inherited)",
					"@executable_path/../Frameworks",
				);
				MARKETING_VERSION = 1.0;
				PRODUCT_BUNDLE_IDENTIFIER = com.z.SwiftMos;
				PRODUCT_NAME = "$(TARGET_NAME)";
				SWIFT_EMIT_LOC_STRINGS = YES;
				SWIFT_VERSION = 5.0;
			};
			name = Debug;
		};
		193107C62858F7A2004AFB09 /* Release */ = {
			isa = XCBuildConfiguration;
			buildSettings = {
				ASSETCATALOG_COMPILER_APPICON_NAME = AppIcon;
				ASSETCATALOG_COMPILER_GLOBAL_ACCENT_COLOR_NAME = AccentColor;
				CODE_SIGN_ENTITLEMENTS = SwiftMos/SwiftMos.entitlements;
				CODE_SIGN_STYLE = Automatic;
				COMBINE_HIDPI_IMAGES = YES;
				CURRENT_PROJECT_VERSION = 1;
				DEVELOPMENT_ASSET_PATHS = "\"SwiftMos/Preview Content\"";
				ENABLE_PREVIEWS = YES;
				GENERATE_INFOPLIST_FILE = YES;
				INFOPLIST_KEY_NSHumanReadableCopyright = "";
				LD_RUNPATH_SEARCH_PATHS = (
					"$(inherited)",
					"@executable_path/../Frameworks",
				);
				MARKETING_VERSION = 1.0;
				PRODUCT_BUNDLE_IDENTIFIER = com.z.SwiftMos;
				PRODUCT_NAME = "$(TARGET_NAME)";
				SWIFT_EMIT_LOC_STRINGS = YES;
				SWIFT_VERSION = 5.0;
			};
			name = Release;
		};
		193107C82858F7A2004AFB09 /* Debug */ = {
			isa = XCBuildConfiguration;
			buildSettings = {
				ALWAYS_EMBED_SWIFT_STANDARD_LIBRARIES = YES;
				BUNDLE_LOADER = "$(TEST_HOST)";
				CODE_SIGN_STYLE = Automatic;
				CURRENT_PROJECT_VERSION = 1;
				GENERATE_INFOPLIST_FILE = YES;
				MACOSX_DEPLOYMENT_TARGET = 12.3;
				MARKETING_VERSION = 1.0;
				PRODUCT_BUNDLE_IDENTIFIER = com.z.SwiftMosTests;
				PRODUCT_NAME = "$(TARGET_NAME)";
				SWIFT_EMIT_LOC_STRINGS = NO;
				SWIFT_VERSION = 5.0;
				TEST_HOST = "$(BUILT_PRODUCTS_DIR)/SwiftMos.app/Contents/MacOS/SwiftMos";
			};
			name = Debug;
		};
		193107C92858F7A2004AFB09 /* Release */ = {
			isa = XCBuildConfiguration;
			buildSettings = {
				ALWAYS_EMBED_SWIFT_STANDARD_LIBRARIES = YES;
				BUNDLE_LOADER = "$(TEST_HOST)";
				CODE_SIGN_STYLE = Automatic;
				CURRENT_PROJECT_VERSION = 1;
				GENERATE_INFOPLIST_FILE = YES;
				MACOSX_DEPLOYMENT_TARGET = 12.3;
				MARKETING_VERSION = 1.0;
				PRODUCT_BUNDLE_IDENTIFIER = com.z.SwiftMosTests;
				PRODUCT_NAME = "$(TARGET_NAME)";
				SWIFT_EMIT_LOC_STRINGS = NO;
				SWIFT_VERSION = 5.0;
				TEST_HOST = "$(BUILT_PRODUCTS_DIR)/SwiftMos.app/Contents/MacOS/SwiftMos";
			};
			name = Release;
		};
		193107CB2858F7A2004AFB09 /* Debug */ = {
			isa = XCBuildConfiguration;
			buildSettings = {
				ALWAYS_EMBED_SWIFT_STANDARD_LIBRARIES = YES;
				CODE_SIGN_STYLE = Automatic;
				CURRENT_PROJECT_VERSION = 1;
				GENERATE_INFOPLIST_FILE = YES;
				MARKETING_VERSION = 1.0;
				PRODUCT_BUNDLE_IDENTIFIER = com.z.SwiftMosUITests;
				PRODUCT_NAME = "$(TARGET_NAME)";
				SWIFT_EMIT_LOC_STRINGS = NO;
				SWIFT_VERSION = 5.0;
				TEST_TARGET_NAME = SwiftMos;
			};
			name = Debug;
		};
		193107CC2858F7A2004AFB09 /* Release */ = {
			isa = XCBuildConfiguration;
			buildSettings = {
				ALWAYS_EMBED_SWIFT_STANDARD_LIBRARIES = YES;
				CODE_SIGN_STYLE = Automatic;
				CURRENT_PROJECT_VERSION = 1;
				GENERATE_INFOPLIST_FILE = YES;
				MARKETING_VERSION = 1.0;
				PRODUCT_BUNDLE_IDENTIFIER = com.z.SwiftMosUITests;
				PRODUCT_NAME = "$(TARGET_NAME)";
				SWIFT_EMIT_LOC_STRINGS = NO;
				SWIFT_VERSION = 5.0;
				TEST_TARGET_NAME = SwiftMos;
			};
			name = Release;
		};
/* End XCBuildConfiguration section */

/* Begin XCConfigurationList section */
		1931079A2858F7A1004AFB09 /* Build configuration list for PBXProject "SwiftMos" */ = {
			isa = XCConfigurationList;
			buildConfigurations = (
				193107C22858F7A2004AFB09 /* Debug */,
				193107C32858F7A2004AFB09 /* Release */,
			);
			defaultConfigurationIsVisible = 0;
			defaultConfigurationName = Release;
		};
		193107C42858F7A2004AFB09 /* Build configuration list for PBXNativeTarget "SwiftMos" */ = {
			isa = XCConfigurationList;
			buildConfigurations = (
				193107C52858F7A2004AFB09 /* Debug */,
				193107C62858F7A2004AFB09 /* Release */,
			);
			defaultConfigurationIsVisible = 0;
			defaultConfigurationName = Release;
		};
		193107C72858F7A2004AFB09 /* Build configuration list for PBXNativeTarget "SwiftMosTests" */ = {
			isa = XCConfigurationList;
			buildConfigurations = (
				193107C82858F7A2004AFB09 /* Debug */,
				193107C92858F7A2004AFB09 /* Release */,
			);
			defaultConfigurationIsVisible = 0;
			defaultConfigurationName = Release;
		};
		193107CA2858F7A2004AFB09 /* Build configuration list for PBXNativeTarget "SwiftMosUITests" */ = {
			isa = XCConfigurationList;
			buildConfigurations = (
				193107CB2858F7A2004AFB09 /* Debug */,
				193107CC2858F7A2004AFB09 /* Release */,
			);
			defaultConfigurationIsVisible = 0;
			defaultConfigurationName = Release;
		};
/* End XCConfigurationList section */
	};
	rootObject = 193107972858F7A1004AFB09 /* Project object */;
}
